
Microsoft Visual Studio Solution File, Format Version 12.00
# Visual Studio 2013
VisualStudioVersion = 12.0.40418.0
MinimumVisualStudioVersion = 10.0.40219.1
Project("{FAE04EC0-301F-11D3-BF4B-00C04F79EFBC}") = "DarkLoader", "DarkLoader\DarkLoader.csproj", "{08445DC4-BFDC-4749-A07B-170052358F83}"
EndProject
Global
	GlobalSection(SolutionConfigurationPlatforms) = preSolution
		Debug|Any CPU = Debug|Any CPU
		Release|Any CPU = Release|Any CPU
	EndGlobalSection
	GlobalSection(ProjectConfigurationPlatforms) = postSolution
		{08445DC4-BFDC-4749-A07B-170052358F83}.Debug|Any CPU.ActiveCfg = Debug|Any CPU
		{08445DC4-BFDC-4749-A07B-170052358F83}.Debug|Any CPU.Build.0 = Debug|Any CPU
		{08445DC4-BFDC-4749-A07B-170052358F83}.Release|Any CPU.ActiveCfg = Release|Any CPU
		{08445DC4-BFDC-4749-A07B-170052358F83}.Release|Any CPU.Build.0 = Release|Any CPU
	EndGlobalSection
	GlobalSection(SolutionProperties) = preSolution
		HideSolutionNode = FALSE
	EndGlobalSection
EndGlobal
